Microsoft Visual Studio Solution File, Format Version 12.00
# Visual Studio Version 16
VisualStudioVersion = 16.0.29613.14
MinimumVisualStudioVersion = 10.0.40219.1
Project("{FAE04EC0-301F-11D3-BF4B-00C04F79EFBC}") = "web-1", "web-1\web-1.csproj", "{766A6119-AF77-442E-927C-D7D64D006A21}"
EndProject
Project("{FAE04EC0-301F-11D3-BF4B-00C04F79EFBC}") = "web-1.Tests", "web-1.Tests\web-1.Tests.csproj", "{D0E0F8F5-458C-4AB6-84A4-C0BFD2C79280}"
EndProject
Global
	GlobalSection(SolutionConfigurationPlatforms) = preSolution
		Debug|Any CPU = Debug|Any CPU
		Release|Any CPU = Release|Any CPU
	EndGlobalSection
	GlobalSection(ProjectConfigurationPlatforms) = postSolution
		{766A6119-AF77-442E-927C-D7D64D006A21}.Debug|Any CPU.ActiveCfg = Debug|Any CPU
		{766A6119-AF77-442E-927C-D7D64D006A21}.Debug|Any CPU.Build.0 = Debug|Any CPU
		{766A6119-AF77-442E-927C-D7D64D006A21}.Release|Any CPU.ActiveCfg = Release|Any CPU
		{766A6119-AF77-442E-927C-D7D64D006A21}.Release|Any CPU.Build.0 = Release|Any CPU
		{D0E0F8F5-458C-4AB6-84A4-C0BFD2C79280}.Debug|Any CPU.ActiveCfg = Debug|Any CPU
		{D0E0F8F5-458C-4AB6-84A4-C0BFD2C79280}.Debug|Any CPU.Build.0 = Debug|Any CPU
		{D0E0F8F5-458C-4AB6-84A4-C0BFD2C79280}.Release|Any CPU.ActiveCfg = Release|Any CPU
		{D0E0F8F5-458C-4AB6-84A4-C0BFD2C79280}.Release|Any CPU.Build.0 = Release|Any CPU
	EndGlobalSection
	GlobalSection(SolutionProperties) = preSolution
		HideSolutionNode = FALSE
	EndGlobalSection
	GlobalSection(ExtensibilityGlobals) = postSolution
		SolutionGuid = {A5B241F3-17F4-41ED-9FDD-488FF6C0D70B}
	EndGlobalSection
EndGlobal
